
Microsoft Visual Studio Solution File, Format Version 10.00
# Visual Studio 2008
Project("{8BC9CEB8-8B4A-11D0-8D11-00A0C91BC942}") = "winquake", "WinQuake.vcproj", "{5BD340FD-95C7-4F4D-9D6F-541591F00A60}"
EndProject
Global
	GlobalSection(SolutionConfigurationPlatforms) = preSolution
		GL Debug|Win32 = GL Debug|Win32
		GL Release|Win32 = GL Release|Win32
	EndGlobalSection
	GlobalSection(ProjectConfigurationPlatforms) = postSolution
		{5BD340FD-95C7-4F4D-9D6F-541591F00A60}.GL Debug|Win32.ActiveCfg = GL Debug|Win32
		{5BD340FD-95C7-4F4D-9D6F-541591F00A60}.GL Debug|Win32.Build.0 = GL Debug|Win32
		{5BD340FD-95C7-4F4D-9D6F-541591F00A60}.GL Release|Win32.ActiveCfg = GL Release|Win32
		{5BD340FD-95C7-4F4D-9D6F-541591F00A60}.GL Release|Win32.Build.0 = GL Release|Win32
	EndGlobalSection
	GlobalSection(SolutionProperties) = preSolution
		HideSolutionNode = FALSE
	EndGlobalSection
EndGlobal
